PODS:
  - AMap3DMap (6.8.0):
    - AMapFoundation (~> 1.5)
  - amap_view (0.0.1):
    - AMapLocation
    - AMapNavi
    - AMapSearch
    - Flutter
  - AMapFoundation (1.5.6)
  - AMapLocation (2.6.2):
    - AMapFoundation (~> 1.4)
  - AMapNavi (6.7.0):
    - AMap3DMap (~> 6.7)
    - AMapFoundation (~> 1.5)
  - AMapSearch (6.6.0):
    - AMapFoundation (~> 1.4)
  - Flutter (1.0.0)

DEPENDENCIES:
  - amap_view (from `.symlinks/plugins/amap_view/ios`)
  - Flutter (from `.symlinks/flutter/ios`)

SPEC REPOS:
  https://github.com/cocoapods/specs.git:
    - AMap3DMap
    - AMapFoundation
    - AMapLocation
    - AMapNavi
    - AMapSearch

EXTERNAL SOURCES:
  amap_view:
    :path: ".symlinks/plugins/amap_view/ios"
  Flutter:
    :path: ".symlinks/flutter/ios"

SPEC CHECKSUMS:
  AMap3DMap: a18ab563e968c8adafd9cc395f1f5e5d147d2607
  amap_view: 6d61352dfa55a4c208080591ff43b2a776ddb932
  AMapFoundation: 20fce2a12cd152e1092afdd04379cdac21932185
  AMapLocation: 89a7e4eb6040d32ba73c77a4966ecc66e46aa7c3
  AMapNavi: 89e30fee35c01a00e45e846fa272f60724d06d0c
  AMapSearch: def5983c8ca1a6d7430970046dc814f6e337621d
  Flutter: 0e3d915762c693b495b44d77113d4970485de6ec

PODFILE CHECKSUM: ebd43b443038e611b86ede96e613bd6033c49497

COCOAPODS: 1.6.1
